// !$*UTF8*$!
{
	archiveVersion = 1;
	classes = {
	};
	objectVersion = 55;
	objects = {

/* Begin PBXBuildFile section */
		4E34BA9827E37F7F0097C645 /* MapView.swift in Sources */ = {isa = PBXBuildFile; fileRef = 4E34BA9727E37F7F0097C645 /* MapView.swift */; };
		4E9B5E5627DCB20C0092D98F /* AppDelegate.swift in Sources */ = {isa = PBXBuildFile; fileRef = 4E9B5E5527DCB20C0092D98F /* AppDelegate.swift */; };
		4E9B5E5827DCB20C0092D98F /* SceneDelegate.swift in Sources */ = {isa = PBXBuildFile; fileRef = 4E9B5E5727DCB20C0092D98F /* SceneDelegate.swift */; };
		4E9B5E5A27DCB20C0092D98F /* ViewController.swift in Sources */ = {isa = PBXBuildFile; fileRef = 4E9B5E5927DCB20C0092D98F /* ViewController.swift */; };
		4E9B5E5F27DCB20D0092D98F /* Assets.xcassets in Resources */ = {isa = PBXBuildFile; fileRef = 4E9B5E5E27DCB20D0092D98F /* Assets.xcassets */; };
		4E9B5E6227DCB20D0092D98F /* LaunchScreen.storyboard in Resources */ = {isa = PBXBuildFile; fileRef = 4E9B5E6027DCB20D0092D98F /* LaunchScreen.storyboard */; };
		D4F4E3C91C4A7474D85EA0B7 /* Pods_GBGoogleMapApp.framework in Frameworks */ = {isa = PBXBuildFile; fileRef = 6B9E795D2A4E919C47B48ABA /* Pods_GBGoogleMapApp.framework */; };
/* End PBXBuildFile section */

/* Begin PBXFileReference section */
		431CBE61CC5A61F2AC95C46F /* Pods-GBGoogleMapApp.release.xcconfig */ = {isa = PBXFileReference; includeInIndex = 1; lastKnownFileType = text.xcconfig; name = "Pods-GBGoogleMapApp.release.xcconfig"; path = "Target Support Files/Pods-GBGoogleMapApp/Pods-GBGoogleMapApp.release.xcconfig"; sourceTree = "<group>"; };
		4E34BA9727E37F7F0097C645 /* MapView.swift */ = {isa = PBXFileReference; lastKnownFileType = sourcecode.swift; path = MapView.swift; sourceTree = "<group>"; };
		4E9B5E5227DCB20C0092D98F /* GBGoogleMapApp.app */ = {isa = PBXFileReference; explicitFileType = wrapper.application; includeInIndex = 0; path = GBGoogleMapApp.app; sourceTree = BUILT_PRODUCTS_DIR; };
		4E9B5E5527DCB20C0092D98F /* AppDelegate.swift */ = {isa = PBXFileReference; lastKnownFileType = sourcecode.swift; path = AppDelegate.swift; sourceTree = "<group>"; };
		4E9B5E5727DCB20C0092D98F /* SceneDelegate.swift */ = {isa = PBXFileReference; lastKnownFileType = sourcecode.swift; path = SceneDelegate.swift; sourceTree = "<group>"; };
		4E9B5E5927DCB20C0092D98F /* ViewController.swift */ = {isa = PBXFileReference; lastKnownFileType = sourcecode.swift; path = ViewController.swift; sourceTree = "<group>"; };
		4E9B5E5E27DCB20D0092D98F /* Assets.xcassets */ = {isa = PBXFileReference; lastKnownFileType = folder.assetcatalog; path = Assets.xcassets; sourceTree = "<group>"; };
		4E9B5E6127DCB20D0092D98F /* Base */ = {isa = PBXFileReference; lastKnownFileType = file.storyboard; name = Base; path = Base.lproj/LaunchScreen.storyboard; sourceTree = "<group>"; };
		4E9B5E6327DCB20D0092D98F /* Info.plist */ = {isa = PBXFileReference; lastKnownFileType = text.plist.xml; path = Info.plist; sourceTree = "<group>"; };
		5CB0027DB240053CC3569C85 /* Pods-GBGoogleMapApp.debug.xcconfig */ = {isa = PBXFileReference; includeInIndex = 1; lastKnownFileType = text.xcconfig; name = "Pods-GBGoogleMapApp.debug.xcconfig"; path = "Target Support Files/Pods-GBGoogleMapApp/Pods-GBGoogleMapApp.debug.xcconfig"; sourceTree = "<group>"; };
		6B9E795D2A4E919C47B48ABA /* Pods_GBGoogleMapApp.framework */ = {isa = PBXFileReference; explicitFileType = wrapper.framework; includeInIndex = 0; path = Pods_GBGoogleMapApp.framework; sourceTree = BUILT_PRODUCTS_DIR; };
/* End PBXFileReference section */

/* Begin PBXFrameworksBuildPhase section */
		4E9B5E4F27DCB20C0092D98F /* Frameworks */ = {
			isa = PBXFrameworksBuildPhase;
			buildActionMask = 2147483647;
			files = (
				D4F4E3C91C4A7474D85EA0B7 /* Pods_GBGoogleMapApp.framework in Frameworks */,
			);
			runOnlyForDeploymentPostprocessing = 0;
		};
/* End PBXFrameworksBuildPhase section */

/* Begin PBXGroup section */
		4E34BA9427E37F430097C645 /* MapViewController */ = {
			isa = PBXGroup;
			children = (
				4E34BA9527E37F530097C645 /* View */,
				4E34BA9627E37F620097C645 /* ViewController */,
			);
			path = MapViewController;
			sourceTree = "<group>";
		};
		4E34BA9527E37F530097C645 /* View */ = {
			isa = PBXGroup;
			children = (
				4E34BA9727E37F7F0097C645 /* MapView.swift */,
			);
			path = View;
			sourceTree = "<group>";
		};
		4E34BA9627E37F620097C645 /* ViewController */ = {
			isa = PBXGroup;
			children = (
				4E9B5E5927DCB20C0092D98F /* ViewController.swift */,
			);
			path = ViewController;
			sourceTree = "<group>";
		};
		4E9B5E4927DCB20C0092D98F = {
			isa = PBXGroup;
			children = (
				4E9B5E5427DCB20C0092D98F /* GBGoogleMapApp */,
				4E9B5E5327DCB20C0092D98F /* Products */,
				9F15ABE29617929BD2B73F90 /* Pods */,
				B5BA2485BA16F6E044210343 /* Frameworks */,
			);
			sourceTree = "<group>";
		};
		4E9B5E5327DCB20C0092D98F /* Products */ = {
			isa = PBXGroup;
			children = (
				4E9B5E5227DCB20C0092D98F /* GBGoogleMapApp.app */,
			);
			name = Products;
			sourceTree = "<group>";
		};
		4E9B5E5427DCB20C0092D98F /* GBGoogleMapApp */ = {
			isa = PBXGroup;
			children = (
				4E34BA9427E37F430097C645 /* MapViewController */,
				4E9B5E5527DCB20C0092D98F /* AppDelegate.swift */,
				4E9B5E5727DCB20C0092D98F /* SceneDelegate.swift */,
				4E9B5E5E27DCB20D0092D98F /* Assets.xcassets */,
				4E9B5E6027DCB20D0092D98F /* LaunchScreen.storyboard */,
				4E9B5E6327DCB20D0092D98F /* Info.plist */,
			);
			path = GBGoogleMapApp;
			sourceTree = "<group>";
		};
		9F15ABE29617929BD2B73F90 /* Pods */ = {
			isa = PBXGroup;
			children = (
				5CB0027DB240053CC3569C85 /* Pods-GBGoogleMapApp.debug.xcconfig */,
				431CBE61CC5A61F2AC95C46F /* Pods-GBGoogleMapApp.release.xcconfig */,
			);
			path = Pods;
			sourceTree = "<group>";
		};
		B5BA2485BA16F6E044210343 /* Frameworks */ = {
			isa = PBXGroup;
			children = (
				6B9E795D2A4E919C47B48ABA /* Pods_GBGoogleMapApp.framework */,
			);
			name = Frameworks;
			sourceTree = "<group>";
		};
/* End PBXGroup section */

/* Begin PBXNativeTarget section */
		4E9B5E5127DCB20C0092D98F /* GBGoogleMapApp */ = {
			isa = PBXNativeTarget;
			buildConfigurationList = 4E9B5E6627DCB20D0092D98F /* Build configuration list for PBXNativeTarget "GBGoogleMapApp" */;
			buildPhases = (
				E250B1865132086A04E2AE0C /* [CP] Check Pods Manifest.lock */,
				4E9B5E4E27DCB20C0092D98F /* Sources */,
				4E9B5E4F27DCB20C0092D98F /* Frameworks */,
				4E9B5E5027DCB20C0092D98F /* Resources */,
				05A8B418C58D4A415B812074 /* [CP] Copy Pods Resources */,
			);
			buildRules = (
			);
			dependencies = (
			);
			name = GBGoogleMapApp;
			productName = GBGoogleMapApp;
			productReference = 4E9B5E5227DCB20C0092D98F /* GBGoogleMapApp.app */;
			productType = "com.apple.product-type.application";
		};
/* End PBXNativeTarget section */

/* Begin PBXProject section */
		4E9B5E4A27DCB20C0092D98F /* Project object */ = {
			isa = PBXProject;
			attributes = {
				BuildIndependentTargetsInParallel = 1;
				LastSwiftUpdateCheck = 1320;
				LastUpgradeCheck = 1320;
				TargetAttributes = {
					4E9B5E5127DCB20C0092D98F = {
						CreatedOnToolsVersion = 13.2;
					};
				};
			};
			buildConfigurationList = 4E9B5E4D27DCB20C0092D98F /* Build configuration list for PBXProject "GBGoogleMapApp" */;
			compatibilityVersion = "Xcode 13.0";
			developmentRegion = en;
			hasScannedForEncodings = 0;
			knownRegions = (
				en,
				Base,
			);
			mainGroup = 4E9B5E4927DCB20C0092D98F;
			productRefGroup = 4E9B5E5327DCB20C0092D98F /* Products */;
			projectDirPath = "";
			projectRoot = "";
			targets = (
				4E9B5E5127DCB20C0092D98F /* GBGoogleMapApp */,
			);
		};
/* End PBXProject section */

/* Begin PBXResourcesBuildPhase section */
		4E9B5E5027DCB20C0092D98F /* Resources */ = {
			isa = PBXResourcesBuildPhase;
			buildActionMask = 2147483647;
			files = (
				4E9B5E6227DCB20D0092D98F /* LaunchScreen.storyboard in Resources */,
				4E9B5E5F27DCB20D0092D98F /* Assets.xcassets in Resources */,
			);
			runOnlyForDeploymentPostprocessing = 0;
		};
/* End PBXResourcesBuildPhase section */

/* Begin PBXShellScriptBuildPhase section */
		05A8B418C58D4A415B812074 /* [CP] Copy Pods Resources */ = {
			isa = PBXShellScriptBuildPhase;
			buildActionMask = 2147483647;
			files = (
			);
			inputFileListPaths = (
				"${PODS_ROOT}/Target Support Files/Pods-GBGoogleMapApp/Pods-GBGoogleMapApp-resources-${CONFIGURATION}-input-files.xcfilelist",
			);
			name = "[CP] Copy Pods Resources";
			outputFileListPaths = (
				"${PODS_ROOT}/Target Support Files/Pods-GBGoogleMapApp/Pods-GBGoogleMapApp-resources-${CONFIGURATION}-output-files.xcfilelist",
			);
			runOnlyForDeploymentPostprocessing = 0;
			shellPath = /bin/sh;
			shellScript = "\"${PODS_ROOT}/Target Support Files/Pods-GBGoogleMapApp/Pods-GBGoogleMapApp-resources.sh\"\n";
			showEnvVarsInLog = 0;
		};
		E250B1865132086A04E2AE0C /* [CP] Check Pods Manifest.lock */ = {
			isa = PBXShellScriptBuildPhase;
			buildActionMask = 2147483647;
			files = (
			);
			inputFileListPaths = (
			);
			inputPaths = (
				"${PODS_PODFILE_DIR_PATH}/Podfile.lock",
				"${PODS_ROOT}/Manifest.lock",
			);
			name = "[CP] Check Pods Manifest.lock";
			outputFileListPaths = (
			);
			outputPaths = (
				"$(DERIVED_FILE_DIR)/Pods-GBGoogleMapApp-checkManifestLockResult.txt",
			);
			runOnlyForDeploymentPostprocessing = 0;
			shellPath = /bin/sh;
			shellScript = "diff \"${PODS_PODFILE_DIR_PATH}/Podfile.lock\" \"${PODS_ROOT}/Manifest.lock\" > /dev/null\nif [ $? != 0 ] ; then\n    # print error to STDERR\n    echo \"error: The sandbox is not in sync with the Podfile.lock. Run 'pod install' or update your CocoaPods installation.\" >&2\n    exit 1\nfi\n# This output is used by Xcode 'outputs' to avoid re-running this script phase.\necho \"SUCCESS\" > \"${SCRIPT_OUTPUT_FILE_0}\"\n";
			showEnvVarsInLog = 0;
		};
/* End PBXShellScriptBuildPhase section */

/* Begin PBXSourcesBuildPhase section */
		4E9B5E4E27DCB20C0092D98F /* Sources */ = {
			isa = PBXSourcesBuildPhase;
			buildActionMask = 2147483647;
			files = (
				4E9B5E5A27DCB20C0092D98F /* ViewController.swift in Sources */,
				4E34BA9827E37F7F0097C645 /* MapView.swift in Sources */,
				4E9B5E5627DCB20C0092D98F /* AppDelegate.swift in Sources */,
				4E9B5E5827DCB20C0092D98F /* SceneDelegate.swift in Sources */,
			);
			runOnlyForDeploymentPostprocessing = 0;
		};
/* End PBXSourcesBuildPhase section */

/* Begin PBXVariantGroup section */
		4E9B5E6027DCB20D0092D98F /* LaunchScreen.storyboard */ = {
			isa = PBXVariantGroup;
			children = (
				4E9B5E6127DCB20D0092D98F /* Base */,
			);
			name = LaunchScreen.storyboard;
			sourceTree = "<group>";
		};
/* End PBXVariantGroup section */

/* Begin XCBuildConfiguration section */
		4E9B5E6427DCB20D0092D98F /* Debug */ = {
			isa = XCBuildConfiguration;
			buildSettings = {
				ALWAYS_SEARCH_USER_PATHS = NO;
				CLANG_ANALYZER_NONNULL = YES;
				CLANG_ANALYZER_NUMBER_OBJECT_CONVERSION = YES_AGGRESSIVE;
				CLANG_CXX_LANGUAGE_STANDARD = "gnu++17";
				CLANG_CXX_LIBRARY = "libc++";
				CLANG_ENABLE_MODULES = YES;
				CLANG_ENABLE_OBJC_ARC = YES;
				CLANG_ENABLE_OBJC_WEAK = YES;
				CLANG_WARN_BLOCK_CAPTURE_AUTORELEASING = YES;
				CLANG_WARN_BOOL_CONVERSION = YES;
				CLANG_WARN_COMMA = YES;
				CLANG_WARN_CONSTANT_CONVERSION = YES;
				CLANG_WARN_DEPRECATED_OBJC_IMPLEMENTATIONS = YES;
				CLANG_WARN_DIRECT_OBJC_ISA_USAGE = YES_ERROR;
				CLANG_WARN_DOCUMENTATION_COMMENTS = YES;
				CLANG_WARN_EMPTY_BODY = YES;
				CLANG_WARN_ENUM_CONVERSION = YES;
				CLANG_WARN_INFINITE_RECURSION = YES;
				CLANG_WARN_INT_CONVERSION = YES;
				CLANG_WARN_NON_LITERAL_NULL_CONVERSION = YES;
				CLANG_WARN_OBJC_IMPLICIT_RETAIN_SELF = YES;
				CLANG_WARN_OBJC_LITERAL_CONVERSION = YES;
				CLANG_WARN_OBJC_ROOT_CLASS = YES_ERROR;
				CLANG_WARN_QUOTED_INCLUDE_IN_FRAMEWORK_HEADER = YES;
				CLANG_WARN_RANGE_LOOP_ANALYSIS = YES;
				CLANG_WARN_STRICT_PROTOTYPES = YES;
				CLANG_WARN_SUSPICIOUS_MOVE = YES;
				CLANG_WARN_UNGUARDED_AVAILABILITY = YES_AGGRESSIVE;
				CLANG_WARN_UNREACHABLE_CODE = YES;
				CLANG_WARN__DUPLICATE_METHOD_MATCH = YES;
				COPY_PHASE_STRIP = NO;
				DEBUG_INFORMATION_FORMAT = dwarf;
				ENABLE_STRICT_OBJC_MSGSEND = YES;
				ENABLE_TESTABILITY = YES;
				GCC_C_LANGUAGE_STANDARD = gnu11;
				GCC_DYNAMIC_NO_PIC = NO;
				GCC_NO_COMMON_BLOCKS = YES;
				GCC_OPTIMIZATION_LEVEL = 0;
				GCC_PREPROCESSOR_DEFINITIONS = (
					"DEBUG=1",
					"$(inherited)",
				);
				GCC_WARN_64_TO_32_BIT_CONVERSION = YES;
				GCC_WARN_ABOUT_RETURN_TYPE = YES_ERROR;
				GCC_WARN_UNDECLARED_SELECTOR = YES;
				GCC_WARN_UNINITIALIZED_AUTOS = YES_AGGRESSIVE;
				GCC_WARN_UNUSED_FUNCTION = YES;
				GCC_WARN_UNUSED_VARIABLE = YES;
				IPHONEOS_DEPLOYMENT_TARGET = 15.2;
				MTL_ENABLE_DEBUG_INFO = INCLUDE_SOURCE;
				MTL_FAST_MATH = YES;
				ONLY_ACTIVE_ARCH = YES;
				SDKROOT = iphoneos;
				SWIFT_ACTIVE_COMPILATION_CONDITIONS = DEBUG;
				SWIFT_OPTIMIZATION_LEVEL = "-Onone";
			};
			name = Debug;
		};
		4E9B5E6527DCB20D0092D98F /* Release */ = {
			isa = XCBuildConfiguration;
			buildSettings = {
				ALWAYS_SEARCH_USER_PATHS = NO;
				CLANG_ANALYZER_NONNULL = YES;
				CLANG_ANALYZER_NUMBER_OBJECT_CONVERSION = YES_AGGRESSIVE;
				CLANG_CXX_LANGUAGE_STANDARD = "gnu++17";
				CLANG_CXX_LIBRARY = "libc++";
				CLANG_ENABLE_MODULES = YES;
				CLANG_ENABLE_OBJC_ARC = YES;
				CLANG_ENABLE_OBJC_WEAK = YES;
				CLANG_WARN_BLOCK_CAPTURE_AUTORELEASING = YES;
				CLANG_WARN_BOOL_CONVERSION = YES;
				CLANG_WARN_COMMA = YES;
				CLANG_WARN_CONSTANT_CONVERSION = YES;
				CLANG_WARN_DEPRECATED_OBJC_IMPLEMENTATIONS = YES;
				CLANG_WARN_DIRECT_OBJC_ISA_USAGE = YES_ERROR;
				CLANG_WARN_DOCUMENTATION_COMMENTS = YES;
				CLANG_WARN_EMPTY_BODY = YES;
				CLANG_WARN_ENUM_CONVERSION = YES;
				CLANG_WARN_INFINITE_RECURSION = YES;
				CLANG_WARN_INT_CONVERSION = YES;
				CLANG_WARN_NON_LITERAL_NULL_CONVERSION = YES;
				CLANG_WARN_OBJC_IMPLICIT_RETAIN_SELF = YES;
				CLANG_WARN_OBJC_LITERAL_CONVERSION = YES;
				CLANG_WARN_OBJC_ROOT_CLASS = YES_ERROR;
				CLANG_WARN_QUOTED_INCLUDE_IN_FRAMEWORK_HEADER = YES;
				CLANG_WARN_RANGE_LOOP_ANALYSIS = YES;
				CLANG_WARN_STRICT_PROTOTYPES = YES;
				CLANG_WARN_SUSPICIOUS_MOVE = YES;
				CLANG_WARN_UNGUARDED_AVAILABILITY = YES_AGGRESSIVE;
				CLANG_WARN_UNREACHABLE_CODE = YES;
				CLANG_WARN__DUPLICATE_METHOD_MATCH = YES;
				COPY_PHASE_STRIP = NO;
				DEBUG_INFORMATION_FORMAT = "dwarf-with-dsym";
				ENABLE_NS_ASSERTIONS = NO;
				ENABLE_STRICT_OBJC_MSGSEND = YES;
				GCC_C_LANGUAGE_STANDARD = gnu11;
				GCC_NO_COMMON_BLOCKS = YES;
				GCC_WARN_64_TO_32_BIT_CONVERSION = YES;
				GCC_WARN_ABOUT_RETURN_TYPE = YES_ERROR;
				GCC_WARN_UNDECLARED_SELECTOR = YES;
				GCC_WARN_UNINITIALIZED_AUTOS = YES_AGGRESSIVE;
				GCC_WARN_UNUSED_FUNCTION = YES;
				GCC_WARN_UNUSED_VARIABLE = YES;
				IPHONEOS_DEPLOYMENT_TARGET = 15.2;
				MTL_ENABLE_DEBUG_INFO = NO;
				MTL_FAST_MATH = YES;
				SDKROOT = iphoneos;
				SWIFT_COMPILATION_MODE = wholemodule;
				SWIFT_OPTIMIZATION_LEVEL = "-O";
				VALIDATE_PRODUCT = YES;
			};
			name = Release;
		};
		4E9B5E6727DCB20D0092D98F /* Debug */ = {
			isa = XCBuildConfiguration;
			baseConfigurationReference = 5CB0027DB240053CC3569C85 /* Pods-GBGoogleMapApp.debug.xcconfig */;
			buildSettings = {
				ASSETCATALOG_COMPILER_APPICON_NAME = AppIcon;
				ASSETCATALOG_COMPILER_GLOBAL_ACCENT_COLOR_NAME = AccentColor;
				CODE_SIGN_STYLE = Automatic;
				CURRENT_PROJECT_VERSION = 1;
				DEVELOPMENT_TEAM = 8532FW2M88;
				GENERATE_INFOPLIST_FILE = YES;
				INFOPLIST_FILE = GBGoogleMapApp/Info.plist;
				INFOPLIST_KEY_NSLocationAlwaysAndWhenInUseUsageDescription = "";
				INFOPLIST_KEY_UIApplicationSupportsIndirectInputEvents = YES;
				INFOPLIST_KEY_UILaunchStoryboardName = LaunchScreen;
				INFOPLIST_KEY_UISupportedInterfaceOrientations_iPad = "UIInterfaceOrientationPortrait UIInterfaceOrientationPortraitUpsideDown UIInterfaceOrientationLandscapeLeft UIInterfaceOrientationLandscapeRight";
				INFOPLIST_KEY_UISupportedInterfaceOrientations_iPhone = "UIInterfaceOrientationPortrait UIInterfaceOrientationLandscapeLeft UIInterfaceOrientationLandscapeRight";
				LD_RUNPATH_SEARCH_PATHS = (
					"$(inherited)",
					"@executable_path/Frameworks",
				);
				MARKETING_VERSION = 1.0;
				PRODUCT_BUNDLE_IDENTIFIER = com.Vladimir.Lesnykh.GBGoogleMapApp;
				PRODUCT_NAME = "$(TARGET_NAME)";
				SWIFT_EMIT_LOC_STRINGS = YES;
				SWIFT_VERSION = 5.0;
				TARGETED_DEVICE_FAMILY = "1,2";
			};
			name = Debug;
		};
		4E9B5E6827DCB20D0092D98F /* Release */ = {
			isa = XCBuildConfiguration;
			baseConfigurationReference = 431CBE61CC5A61F2AC95C46F /* Pods-GBGoogleMapApp.release.xcconfig */;
			buildSettings = {
				ASSETCATALOG_COMPILER_APPICON_NAME = AppIcon;
				ASSETCATALOG_COMPILER_GLOBAL_ACCENT_COLOR_NAME = AccentColor;
				CODE_SIGN_STYLE = Automatic;
				CURRENT_PROJECT_VERSION = 1;
				DEVELOPMENT_TEAM = 8532FW2M88;
				GENERATE_INFOPLIST_FILE = YES;
				INFOPLIST_FILE = GBGoogleMapApp/Info.plist;
				INFOPLIST_KEY_NSLocationAlwaysAndWhenInUseUsageDescription = "";
				INFOPLIST_KEY_UIApplicationSupportsIndirectInputEvents = YES;
				INFOPLIST_KEY_UILaunchStoryboardName = LaunchScreen;
				INFOPLIST_KEY_UISupportedInterfaceOrientations_iPad = "UIInterfaceOrientationPortrait UIInterfaceOrientationPortraitUpsideDown UIInterfaceOrientationLandscapeLeft UIInterfaceOrientationLandscapeRight";
				INFOPLIST_KEY_UISupportedInterfaceOrientations_iPhone = "UIInterfaceOrientationPortrait UIInterfaceOrientationLandscapeLeft UIInterfaceOrientationLandscapeRight";
				LD_RUNPATH_SEARCH_PATHS = (
					"$(inherited)",
					"@executable_path/Frameworks",
				);
				MARKETING_VERSION = 1.0;
				PRODUCT_BUNDLE_IDENTIFIER = com.Vladimir.Lesnykh.GBGoogleMapApp;
				PRODUCT_NAME = "$(TARGET_NAME)";
				SWIFT_EMIT_LOC_STRINGS = YES;
				SWIFT_VERSION = 5.0;
				TARGETED_DEVICE_FAMILY = "1,2";
			};
			name = Release;
		};
/* End XCBuildConfiguration section */

/* Begin XCConfigurationList section */
		4E9B5E4D27DCB20C0092D98F /* Build configuration list for PBXProject "GBGoogleMapApp" */ = {
			isa = XCConfigurationList;
			buildConfigurations = (
				4E9B5E6427DCB20D0092D98F /* Debug */,
				4E9B5E6527DCB20D0092D98F /* Release */,
			);
			defaultConfigurationIsVisible = 0;
			defaultConfigurationName = Release;
		};
		4E9B5E6627DCB20D0092D98F /* Build configuration list for PBXNativeTarget "GBGoogleMapApp" */ = {
			isa = XCConfigurationList;
			buildConfigurations = (
				4E9B5E6727DCB20D0092D98F /* Debug */,
				4E9B5E6827DCB20D0092D98F /* Release */,
			);
			defaultConfigurationIsVisible = 0;
			defaultConfigurationName = Release;
		};
/* End XCConfigurationList section */
	};
	rootObject = 4E9B5E4A27DCB20C0092D98F /* Project object */;
}
