PODS:
  - GoogleMaps (6.0.1):
    - GoogleMaps/Maps (= 6.0.1)
  - GoogleMaps/Base (6.0.1)
  - GoogleMaps/Maps (6.0.1):
    - GoogleMaps/Base
  - Realm (10.24.2):
    - Realm/Headers (= 10.24.2)
  - Realm/Headers (10.24.2)
  - RealmSwift (10.24.2):
    - Realm (= 10.24.2)
  - RxCocoa (6.5.0):
    - RxRelay (= 6.5.0)
    - RxSwift (= 6.5.0)
  - RxRelay (6.5.0):
    - RxSwift (= 6.5.0)
  - RxSwift (6.5.0)

DEPENDENCIES:
  - GoogleMaps (= 6.0.1)
  - RealmSwift (~> 10)
  - RxCocoa
  - RxSwift

SPEC REPOS:
  trunk:
    - GoogleMaps
    - Realm
    - RealmSwift
    - RxCocoa
    - RxRelay
    - RxSwift

SPEC CHECKSUMS:
  GoogleMaps: c213fc2334b7374144cede914da779b99be0ab74
  Realm: c8421eee9ff92b16b4f91a313b5cc695c37c1921
  RealmSwift: 10ed6fa09c36aaaff55e12afdc71802ec3ddb1c0
  RxCocoa: 94f817b71c07517321eb4f9ad299112ca8af743b
  RxRelay: 1de1523e604c72b6c68feadedd1af3b1b4d0ecbd
  RxSwift: 5710a9e6b17f3c3d6e40d6e559b9fa1e813b2ef8

PODFILE CHECKSUM: 5e6f3fc52c9780ef2ec762334f02a094bbeb9e04

COCOAPODS: 1.11.2
